{
  "name": "zenbot4",
  "version": "4.0.5",
  "lockfileVersion": 1,
  "requires": true,
  "dependencies": {
    "bitfinex-api-node": {
      "version": "1.0.1",
      "resolved": "https://registry.npmjs.org/bitfinex-api-node/-/bitfinex-api-node-1.0.1.tgz",
      "integrity": "sha1-wgG6NkZSD553QeuIMH+6LAsFtAs="
    },
    "bitstamp": {
      "version": "1.0.2",
      "resolved": "https://registry.npmjs.org/bitstamp/-/bitstamp-1.0.2.tgz",
      "integrity": "sha512-zB54NbLvBkORsNiDJrRqaG29coW+RwYzxwUGjGpwbOzFw45Ngi5uGdIz2OnRGr+rLpoHHxJ/oCiGA/B245D26Q=="
    },
    "bl": {
      "version": "1.2.1",
      "resolved": "https://registry.npmjs.org/bl/-/bl-1.2.1.tgz",
      "integrity": "sha1-ysMo977kVzDUBLaSID/LWQ4XLV4="
    },
    "btce": {
      "version": "0.4.4",
      "resolved": "https://registry.npmjs.org/btce/-/btce-0.4.4.tgz",
      "integrity": "sha1-a6RZdn+4aCLTHAyQ2aYKg0yHGvo="
    },
    "codemap": {
      "version": "1.3.1",
      "resolved": "https://registry.npmjs.org/codemap/-/codemap-1.3.1.tgz",
      "integrity": "sha1-00p9ul87UQS2WkUQ4jGPqWbP3rk="
    },
    "colors": {
      "version": "1.1.2",
      "resolved": "https://registry.npmjs.org/colors/-/colors-1.1.2.tgz",
      "integrity": "sha1-FopHAXVran9RoSzgyXv6KMCE7WM="
    },
    "commander": {
      "version": "2.9.0",
      "resolved": "https://registry.npmjs.org/commander/-/commander-2.9.0.tgz",
      "integrity": "sha1-nJkJQXbhIkDLItbFFGCYQA/g99Q="
    },
    "eslint": {
      "version": "4.0.0",
      "resolved": "https://registry.npmjs.org/eslint/-/eslint-4.0.0.tgz",
      "integrity": "sha1-cnfAFDf99B3M0WjVqg5Jt1yh8mA=",
      "dev": true
    },
    "forex.analytics": {
      "version": "git+https://github.com/mkmarek/forex.analytics.git#7bc278987700d4204e959af17de61495941d1a14",
      "from": "git+https://github.com/mkmarek/forex.analytics.git#7bc278987700d4204e959af17de61495941d1a14"
    },
    "gdax": {
      "version": "0.4.2",
      "resolved": "https://registry.npmjs.org/gdax/-/gdax-0.4.2.tgz",
      "integrity": "sha1-jo0GIi7Zfl40l11W9R6/SaVvqHI=",
      "dependencies": {
        "bl": {
          "version": "1.1.2",
          "resolved": "https://registry.npmjs.org/bl/-/bl-1.1.2.tgz",
          "integrity": "sha1-/cqHGplxOqANGeO7ukHER4emU5g="
        },
        "caseless": {
          "version": "0.11.0",
          "resolved": "https://registry.npmjs.org/caseless/-/caseless-0.11.0.tgz",
          "integrity": "sha1-cVuW6phBWTzDMGeSP17GDr2k99c="
        },
        "form-data": {
          "version": "1.0.1",
          "resolved": "https://registry.npmjs.org/form-data/-/form-data-1.0.1.tgz",
          "integrity": "sha1-rjFduaSQf6BlUCMEpm13M0de43w=",
          "dependencies": {
            "async": {
              "version": "2.4.1",
              "resolved": "https://registry.npmjs.org/async/-/async-2.4.1.tgz",
              "integrity": "sha1-YqVrJ5yYoR0JhwlqAcw+6463u9c="
            }
          }
        },
        "har-validator": {
          "version": "2.0.6",
          "resolved": "https://registry.npmjs.org/har-validator/-/har-validator-2.0.6.tgz",
          "integrity": "sha1-zcvAgYgmWtEZtqWnyKtw7s+10n0="
        },
        "node-uuid": {
          "version": "1.4.8",
          "resolved": "https://registry.npmjs.org/node-uuid/-/node-uuid-1.4.8.tgz",
          "integrity": "sha1-sEDrCSOWivq/jTL7HxfxFn/auQc="
        },
        "qs": {
          "version": "6.2.3",
          "resolved": "https://registry.npmjs.org/qs/-/qs-6.2.3.tgz",
          "integrity": "sha1-HPyyXBCpsrSDBT/zn138kjOQjP4="
        },
        "readable-stream": {
          "version": "2.0.6",
          "resolved": "https://registry.npmjs.org/readable-stream/-/readable-stream-2.0.6.tgz",
          "integrity": "sha1-j5A0HmilPMySh4jaz80Rs265t44="
        },
        "request": {
          "version": "2.74.0",
          "resolved": "https://registry.npmjs.org/request/-/request-2.74.0.tgz",
          "integrity": "sha1-dpPKdou7DqXIzgjAhKRe+gW4kqs="
        },
        "string_decoder": {
          "version": "0.10.31",
          "resolved": "https://registry.npmjs.org/string_decoder/-/string_decoder-0.10.31.tgz",
          "integrity": "sha1-YuIDvEF2bGwoyfyEMB2rHFMQ+pQ="
        },
        "tunnel-agent": {
          "version": "0.4.3",
          "resolved": "https://registry.npmjs.org/tunnel-agent/-/tunnel-agent-0.4.3.tgz",
          "integrity": "sha1-Y3PbdpCf5XDgjXNYM2Xtgop07us="
        },
        "ultron": {
          "version": "1.0.2",
          "resolved": "https://registry.npmjs.org/ultron/-/ultron-1.0.2.tgz",
          "integrity": "sha1-rOEWq1V80Zc4ak6I9GhTeMiy5Po="
        },
        "ws": {
          "version": "1.1.1",
          "resolved": "https://registry.npmjs.org/ws/-/ws-1.1.1.tgz",
          "integrity": "sha1-CC3bbGQehdS7RR8D1S8G6r2x8Bg="
        }
      }
    },
    "gemini-api": {
      "version": "2.0.4",
      "resolved": "https://registry.npmjs.org/gemini-api/-/gemini-api-2.0.4.tgz",
      "integrity": "sha512-pWWT+jjaVLrFUp2i8qIrBZoD/eBmY5XBu2MELQIc+pbgKdBJXefR5gVi/R9zaccoNbHZvpFztWCWrWhtXOxiKw==",
      "dependencies": {
        "safe-buffer": {
          "version": "5.0.1",
          "resolved": "https://registry.npmjs.org/safe-buffer/-/safe-buffer-5.0.1.tgz",
          "integrity": "sha1-0mPKVGls2KMGtcplUekt5XkY++c="
        },
        "ws": {
          "version": "2.3.1",
          "resolved": "https://registry.npmjs.org/ws/-/ws-2.3.1.tgz",
          "integrity": "sha1-a5Sz5EfLajY/eF6vlK9jWejoHIA="
        }
      }
    },
    "glob": {
      "version": "7.1.2",
      "resolved": "https://registry.npmjs.org/glob/-/glob-7.1.2.tgz",
      "integrity": "sha512-MJTUg1kjuLeQCJ+ccE4Vpa6kKVXkPYJ2mOCQyUuKLcLQsdrMCpBPUi8qVE6+YuaJkozeA9NusTAw3hLr8Xe5EQ=="
    },
    "har-validator": {
      "version": "5.0.3",
      "resolved": "https://registry.npmjs.org/har-validator/-/har-validator-5.0.3.tgz",
      "integrity": "sha1-ukAsJmGU8VlW7xXg/PJCmT9qff0="
    },
    "idgen": {
      "version": "2.0.2",
      "resolved": "https://registry.npmjs.org/idgen/-/idgen-2.0.2.tgz",
      "integrity": "sha1-ZFpO6n7bUz2UH1jt2UMVVUWPwqg="
    },
    "kraken-api": {
      "version": "0.1.7",
      "resolved": "https://registry.npmjs.org/kraken-api/-/kraken-api-0.1.7.tgz",
      "integrity": "sha1-t1JDXmkXunHZ5zSl/tP6WWFiLeg="
    },
    "memory-pager": {
      "version": "1.5.0",
      "resolved": "https://registry.npmjs.org/memory-pager/-/memory-pager-1.5.0.tgz",
      "integrity": "sha512-ZS4Bp4r/Zoeq6+NLJpP+0Zzm0pR8whtGPf1XExKLJBAczGMnSi3It14OiNCStjQjM6NU1okjQGSxgEZN8eBYKg==",
      "optional": true
    },
    "micro-request": {
      "version": "666.0.10",
      "resolved": "https://registry.npmjs.org/micro-request/-/micro-request-666.0.10.tgz",
      "integrity": "sha1-oannMhcBT01AGqH+Vp6NdReB1yY="
    },
    "mime": {
      "version": "1.3.6",
      "resolved": "https://registry.npmjs.org/mime/-/mime-1.3.6.tgz",
      "integrity": "sha1-WR2E02U6awtKO5343lqoEI5y5eA="
    },
    "minimist": {
      "version": "1.2.0",
      "resolved": "https://registry.npmjs.org/minimist/-/minimist-1.2.0.tgz",
      "integrity": "sha1-o1AIsg9BOD7sH7kU9M1d95omQoQ="
    },
    "moment": {
      "version": "2.18.1",
      "resolved": "https://registry.npmjs.org/moment/-/moment-2.18.1.tgz",
      "integrity": "sha1-w2GT3Tzhwu7SrbfIAtu8d6gbHA8="
    },
    "mongodb": {
      "version": "3.1.13",
      "resolved": "https://registry.npmjs.org/mongodb/-/mongodb-3.1.13.tgz",
      "integrity": "sha512-sz2dhvBZQWf3LRNDhbd30KHVzdjZx9IKC0L+kSZ/gzYquCF5zPOgGqRz6sSCqYZtKP2ekB4nfLxhGtzGHnIKxA==",
      "requires": {
        "mongodb-core": "3.1.11",
        "safe-buffer": "^5.1.2"
      },
      "dependencies": {
        "bson": {
          "version": "1.1.5",
          "resolved": "https://registry.npmjs.org/bson/-/bson-1.1.5.tgz",
          "integrity": "sha512-kDuEzldR21lHciPQAIulLs1LZlCXdLziXI6Mb/TDkwXhb//UORJNPXgcRs2CuO4H0DcMkpfT3/ySsP3unoZjBg=="
        },
        "mongodb-core": {
          "version": "3.1.11",
          "resolved": "https://registry.npmjs.org/mongodb-core/-/mongodb-core-3.1.11.tgz",
          "integrity": "sha512-rD2US2s5qk/ckbiiGFHeu+yKYDXdJ1G87F6CG3YdaZpzdOm5zpoAZd/EKbPmFO6cQZ+XVXBXBJ660sSI0gc6qg==",
          "requires": {
            "bson": "^1.1.0",
            "require_optional": "^1.0.1",
            "safe-buffer": "^5.1.2",
            "saslprep": "^1.0.0"
          }
        },
        "require_optional": {
          "version": "1.0.1",
          "resolved": "https://registry.npmjs.org/require_optional/-/require_optional-1.0.1.tgz",
          "integrity": "sha512-qhM/y57enGWHAe3v/NcwML6a3/vfESLe/sGM2dII+gEO0BpKRUkWZow/tyloNqJyN6kXSl3RyyM8Ll5D/sJP8g==",
          "requires": {
            "resolve-from": "^2.0.0",
            "semver": "^5.1.0"
          }
        },
        "safe-buffer": {
          "version": "5.2.1",
          "resolved": "https://registry.npmjs.org/safe-buffer/-/safe-buffer-5.2.1.tgz",
          "integrity": "sha512-rp3So07KcdmmKbGvgaNxQSJr7bGVSVk5S9Eq1F+ppbRo70+YeaDxkw5Dd8NPN+GD6bjnYm2VuPuCXmpuYvmCXQ=="
        }
      }
    },
    "node-uuid": {
      "version": "1.4.8",
      "resolved": "https://registry.npmjs.org/node-uuid/-/node-uuid-1.4.8.tgz",
      "integrity": "sha1-sEDrCSOWivq/jTL7HxfxFn/auQc="
    },
    "node.bittrex.api": {
      "version": "0.2.5",
      "resolved": "https://registry.npmjs.org/node.bittrex.api/-/node.bittrex.api-0.2.5.tgz",
      "integrity": "sha1-rtkKEr/U9kgYQbScXA+e7MC5RtE="
    },
    "number-abbreviate": {
      "version": "2.0.0",
      "resolved": "https://registry.npmjs.org/number-abbreviate/-/number-abbreviate-2.0.0.tgz",
      "integrity": "sha1-6cstGNuADhU88HKClVPEr+DfeJg="
    },
    "numbro": {
      "version": "git+https://github.com/carlos8f/numbro.git#e6e9a0d5f4c32939a7c19cf1546c7766b38cd31f",
      "from": "git+https://github.com/carlos8f/numbro.git#e6e9a0d5f4c32939a7c19cf1546c7766b38cd31f"
    },
    "poloniex.js": {
      "version": "0.0.7",
      "resolved": "https://registry.npmjs.org/poloniex.js/-/poloniex.js-0.0.7.tgz",
      "integrity": "sha1-B0crcBZtztjjaI0eqI7+3ZBrKeU=",
      "dependencies": {
        "asn1": {
          "version": "0.1.11",
          "resolved": "https://registry.npmjs.org/asn1/-/asn1-0.1.11.tgz",
          "integrity": "sha1-VZvhg3bQik7E2+gId9J4GGObLfc="
        },
        "assert-plus": {
          "version": "0.1.5",
          "resolved": "https://registry.npmjs.org/assert-plus/-/assert-plus-0.1.5.tgz",
          "integrity": "sha1-7nQAlBMALYTOxyGcasgRgS5yMWA="
        },
        "async": {
          "version": "0.9.2",
          "resolved": "https://registry.npmjs.org/async/-/async-0.9.2.tgz",
          "integrity": "sha1-rqdNXmHB+JlhO/ZL2mbUx48v0X0="
        },
        "aws-sign2": {
          "version": "0.5.0",
          "resolved": "https://registry.npmjs.org/aws-sign2/-/aws-sign2-0.5.0.tgz",
          "integrity": "sha1-xXED96F/wDfwLXwuZLYC6iI/fWM="
        },
        "boom": {
          "version": "0.4.2",
          "resolved": "https://registry.npmjs.org/boom/-/boom-0.4.2.tgz",
          "integrity": "sha1-emNune1O/O+xnO9JR6PGffrukRs="
        },
        "combined-stream": {
          "version": "0.0.7",
          "resolved": "https://registry.npmjs.org/combined-stream/-/combined-stream-0.0.7.tgz",
          "integrity": "sha1-ATfmV7qlp1QcV6w3rF/AfXO03B8="
        },
        "cryptiles": {
          "version": "0.2.2",
          "resolved": "https://registry.npmjs.org/cryptiles/-/cryptiles-0.2.2.tgz",
          "integrity": "sha1-7ZH/HxetE9N0gohZT4pIoNJvMlw="
        },
        "delayed-stream": {
          "version": "0.0.5",
          "resolved": "https://registry.npmjs.org/delayed-stream/-/delayed-stream-0.0.5.tgz",
          "integrity": "sha1-1LH0OpPoKW3+AmlPRoC8N6MTxz8="
        },
        "forever-agent": {
          "version": "0.5.2",
          "resolved": "https://registry.npmjs.org/forever-agent/-/forever-agent-0.5.2.tgz",
          "integrity": "sha1-bQ4JxJIflKJ/Y9O0nF/v8epMUTA="
        },
        "form-data": {
          "version": "0.1.4",
          "resolved": "https://registry.npmjs.org/form-data/-/form-data-0.1.4.tgz",
          "integrity": "sha1-kavXiKupcCsaq/qLwBAxoqyeOxI="
        },
        "hawk": {
          "version": "1.0.0",
          "resolved": "https://registry.npmjs.org/hawk/-/hawk-1.0.0.tgz",
          "integrity": "sha1-uQuxaYByhUEdp//LjdJZhQLTtS0="
        },
        "hoek": {
          "version": "0.9.1",
          "resolved": "https://registry.npmjs.org/hoek/-/hoek-0.9.1.tgz",
          "integrity": "sha1-PTIkYrrfB3Fup+uFuviAec3c5QU="
        },
        "http-signature": {
          "version": "0.10.1",
          "resolved": "https://registry.npmjs.org/http-signature/-/http-signature-0.10.1.tgz",
          "integrity": "sha1-T72sEyVZqoMjEh5UB3nAoBKyfmY="
        },
        "mime": {
          "version": "1.2.11",
          "resolved": "https://registry.npmjs.org/mime/-/mime-1.2.11.tgz",
          "integrity": "sha1-WCA+7Ybjpe8XrtK32evUfwpg3RA="
        },
        "node-uuid": {
          "version": "1.4.8",
          "resolved": "https://registry.npmjs.org/node-uuid/-/node-uuid-1.4.8.tgz",
          "integrity": "sha1-sEDrCSOWivq/jTL7HxfxFn/auQc="
        },
        "oauth-sign": {
          "version": "0.3.0",
          "resolved": "https://registry.npmjs.org/oauth-sign/-/oauth-sign-0.3.0.tgz",
          "integrity": "sha1-y1QPk7srIqfVlBaRoojWDo6pOG4="
        },
        "qs": {
          "version": "0.6.6",
          "resolved": "https://registry.npmjs.org/qs/-/qs-0.6.6.tgz",
          "integrity": "sha1-bgFQmP9RlouKPIGQAdXyyJvEsQc="
        },
        "request": {
          "version": "2.33.0",
          "resolved": "https://registry.npmjs.org/request/-/request-2.33.0.tgz",
          "integrity": "sha1-UWeHgTFyYHDsYzdS6iMKI3ncZf8="
        },
        "sntp": {
          "version": "0.2.4",
          "resolved": "https://registry.npmjs.org/sntp/-/sntp-0.2.4.tgz",
          "integrity": "sha1-+4hfGLDzqtGJ+CSGJTa87ux1CQA="
        },
        "tunnel-agent": {
          "version": "0.3.0",
          "resolved": "https://registry.npmjs.org/tunnel-agent/-/tunnel-agent-0.3.0.tgz",
          "integrity": "sha1-rWgbaPUyGtKCfEz7G31d8s/pQu4="
        }
      }
    },
    "progress": {
      "version": "2.0.0",
      "resolved": "https://registry.npmjs.org/progress/-/progress-2.0.0.tgz",
      "integrity": "sha1-ihvjZr+Pwj2yvSPxDG/pILQ4nR8="
    },
    "pusher-js": {
      "version": "4.1.0",
      "resolved": "https://registry.npmjs.org/pusher-js/-/pusher-js-4.1.0.tgz",
      "integrity": "sha1-UpeXPek1mUumXCBIzPO4wAckc0E="
    },
    "quadrigacx": {
      "version": "0.0.7",
      "resolved": "https://registry.npmjs.org/quadrigacx/-/quadrigacx-0.0.7.tgz",
      "integrity": "sha1-vptrBG28vDpNqRbBpQtJ2kiulsQ="
    },
    "resolve-from": {
      "version": "2.0.0",
      "resolved": "https://registry.npmjs.org/resolve-from/-/resolve-from-2.0.0.tgz",
      "integrity": "sha1-lICrIOlP+h2egKgEx+oUdhGWa1c="
    },
    "run-parallel": {
      "version": "1.1.6",
      "resolved": "https://registry.npmjs.org/run-parallel/-/run-parallel-1.1.6.tgz",
      "integrity": "sha1-KQA8miFj4B4tLfyQV18sbB1hoDk="
    },
    "run-series": {
      "version": "1.1.4",
      "resolved": "https://registry.npmjs.org/run-series/-/run-series-1.1.4.tgz",
      "integrity": "sha1-iac93F51ye+KtjIMChYA1qQRebk="
    },
    "saslprep": {
      "version": "1.0.3",
      "resolved": "https://registry.npmjs.org/saslprep/-/saslprep-1.0.3.tgz",
      "integrity": "sha512-/MY/PEMbk2SuY5sScONwhUDsV2p77Znkb/q3nSVstq/yQzYJOH/Azh29p9oJLsl3LnQwSvZDKagDGBsBwSooag==",
      "optional": true,
      "requires": {
        "sparse-bitfield": "^3.0.3"
      }
    },
    "semver": {
      "version": "5.3.0",
      "resolved": "https://registry.npmjs.org/semver/-/semver-5.3.0.tgz",
      "integrity": "sha1-myzl094C0XxgEq0yaqa00M9U+U8="
    },
    "sosa_mongo": {
      "version": "1.0.3",
      "resolved": "https://registry.npmjs.org/sosa_mongo/-/sosa_mongo-1.0.3.tgz",
      "integrity": "sha1-zSy6BNSpZXJ1vQfcAKuCmeAm7VE="
    },
    "sparse-bitfield": {
      "version": "3.0.3",
      "resolved": "https://registry.npmjs.org/sparse-bitfield/-/sparse-bitfield-3.0.3.tgz",
      "integrity": "sha1-/0rm5oZWBWuks+eSqzM004JzyhE=",
      "optional": true,
      "requires": {
        "memory-pager": "^1.0.2"
      }
    },
    "talib": {
      "version": "1.0.3",
      "resolved": "https://registry.npmjs.org/talib/-/talib-1.0.3.tgz",
      "integrity": "sha1-6wp+P1MBsyOwrwL7M41DHSubc1o="
    },
    "timebucket": {
      "version": "0.4.0",
      "resolved": "https://registry.npmjs.org/timebucket/-/timebucket-0.4.0.tgz",
      "integrity": "sha1-2H9xqMhrjqq95zX3qcSzJc6ZhXw="
    },
    "zero-fill": {
      "version": "2.2.3",
      "resolved": "https://registry.npmjs.org/zero-fill/-/zero-fill-2.2.3.tgz",
      "integrity": "sha1-o97wa6XjmuZEhQu0yirUEStIVek="
    }
  }
}
