{
  "name": "zenbot4_auto_backtester",
  "version": "0.2.0",
  "lockfileVersion": 1,
  "requires": true,
  "dependencies": {
    "glob": {
      "version": "7.1.2",
      "resolved": "https://registry.npmjs.org/glob/-/glob-7.1.2.tgz",
      "integrity": "sha512-MJTUg1kjuLeQCJ+ccE4Vpa6kKVXkPYJ2mOCQyUuKLcLQsdrMCpBPUi8qVE6+YuaJkozeA9NusTAw3hLr8Xe5EQ=="
    },
    "interpret": {
      "version": "1.0.3",
      "resolved": "https://registry.npmjs.org/interpret/-/interpret-1.0.3.tgz",
      "integrity": "sha1-y8NcYu7uc/Gat7EKgBURQBr8D5A="
    },
    "json2csv": {
      "version": "3.7.3",
      "resolved": "https://registry.npmjs.org/json2csv/-/json2csv-3.7.3.tgz",
      "integrity": "sha1-2s/fp/sMGxsWOGjcdfOQLQIzVOw="
    },
    "rechoir": {
      "version": "0.6.2",
      "resolved": "https://registry.npmjs.org/rechoir/-/rechoir-0.6.2.tgz",
      "integrity": "sha1-hSBLVNuoLVdC4oyWdW70OvUOM4Q="
    },
    "round-precision": {
      "version": "1.0.0",
      "resolved": "https://registry.npmjs.org/round-precision/-/round-precision-1.0.0.tgz",
      "integrity": "sha1-9aK+t+1Z5v6FMS+/VTdpEC6o9k8="
    },
    "run-parallel-limit": {
      "version": "1.0.3",
      "resolved": "https://registry.npmjs.org/run-parallel-limit/-/run-parallel-limit-1.0.3.tgz",
      "integrity": "sha1-bDkwzHwLR9Na50IBCfZgqt4kAeM="
    },
    "shelljs": {
      "version": "0.8.5",
      "resolved": "https://registry.npmjs.org/shelljs/-/shelljs-0.8.5.tgz",
      "integrity": "sha512-TiwcRcrkhHvbrZbnRcFYMLl30Dfov3HKqzp5tO5b4pt6G/SezKcYhmDg15zXVBswHmctSAQKznqNW2LO5tTDow==",
      "requires": {
        "glob": "^7.0.0",
        "interpret": "^1.0.0",
        "rechoir": "^0.6.2"
      }
    }
  }
}
